PODS:
  - ZNetDiagnosis (1.0.0):
    - ZNetDiagnosis/All (= 1.0.0)
  - ZNetDiagnosis/All (1.0.0):
    - ZNetDiagnosis/Core
    - ZNetDiagnosis/DNS
    - ZNetDiagnosis/Ping
    - ZNetDiagnosis/Traceroute
  - ZNetDiagnosis/Core (1.0.0)
  - ZNetDiagnosis/DNS (1.0.0):
    - ZNetDiagnosis/Core
  - ZNetDiagnosis/Ping (1.0.0):
    - ZNetDiagnosis/Core
  - ZNetDiagnosis/Traceroute (1.0.0):
    - ZNetDiagnosis/Core
    - ZNetDiagnosis/DNS

DEPENDENCIES:
  - ZNetDiagnosis (from `../`)

EXTERNAL SOURCES:
  ZNetDiagnosis:
    :path: "../"

SPEC CHECKSUMS:
  ZNetDiagnosis: dc889b1b9c72ce7828fa558112f217cd195c1916

PODFILE CHECKSUM: 6970533c27de28528432515471a65a8d25dfc2c7

COCOAPODS: 1.11.3
